{
  "pins" : [
    {
      "identity" : "randomnetwork",
      "kind" : "remoteSourceControl",
      "location" : "https://github.com/V1taS/RandomNetwork.git",
      "state" : {
        "branch" : "main",
        "revision" : "877ba9f4dd20e53dcb949ce2f2da04ff394a7f73"
      }
    },
    {
      "identity" : "randomuikit",
      "kind" : "remoteSourceControl",
      "location" : "https://github.com/V1taS/RandomUIKit.git",
      "state" : {
        "branch" : "main",
        "revision" : "abee3718788996f1749a8d97ab1525c766bad50e"
      }
    }
  ],
  "version" : 2
}
