{
  "pins" : [
    {
      "identity" : "notifications",
      "kind" : "remoteSourceControl",
      "location" : "https://github.com/V1taS/Notifications",
      "state" : {
        "branch" : "main",
        "revision" : "8e7920c9409992b3d13a256736c1b5fecdebf896"
      }
    },
    {
      "identity" : "randomnetwork",
      "kind" : "remoteSourceControl",
      "location" : "https://github.com/V1taS/RandomNetwork.git",
      "state" : {
        "branch" : "main",
        "revision" : "877ba9f4dd20e53dcb949ce2f2da04ff394a7f73"
      }
    },
    {
      "identity" : "randomuikit",
      "kind" : "remoteSourceControl",
      "location" : "https://github.com/V1taS/RandomUIKit.git",
      "state" : {
        "branch" : "main",
        "revision" : "40b87bf967ac22777a4bc015dd257b0a632c7783"
      }
    }
  ],
  "version" : 2
}
