PODS:
  - YandexMobileMetrica/Dynamic (4.4.0):
    - YandexMobileMetrica/Dynamic/Core (= 4.4.0)
    - YandexMobileMetrica/Dynamic/Crashes (= 4.4.0)
  - YandexMobileMetrica/Dynamic/Core (4.4.0)
  - YandexMobileMetrica/Dynamic/Crashes (4.4.0):
    - YandexMobileMetrica/Dynamic/Core

DEPENDENCIES:
  - YandexMobileMetrica/Dynamic

SPEC REPOS:
  trunk:
    - YandexMobileMetrica

SPEC CHECKSUMS:
  YandexMobileMetrica: baf7cea47cb87fc9af963c4f747ce8dd7df3d7c0

PODFILE CHECKSUM: 05e6e305eacf73d91b26fd32473c7f3e176dad37

COCOAPODS: 1.11.3
