PODS:
  - YandexMobileMetrica/Dynamic (4.4.0):
    - YandexMobileMetrica/Dynamic/Core (= 4.4.0)
    - YandexMobileMetrica/Dynamic/Crashes (= 4.4.0)
  - YandexMobileMetrica/Dynamic/Core (4.4.0)
  - YandexMobileMetrica/Dynamic/Crashes (4.4.0):
    - YandexMobileMetrica/Dynamic/Core

DEPENDENCIES:
  - YandexMobileMetrica/Dynamic

SPEC REPOS:
  trunk:
    - YandexMobileMetrica

SPEC CHECKSUMS:
  YandexMobileMetrica: baf7cea47cb87fc9af963c4f747ce8dd7df3d7c0

PODFILE CHECKSUM: fe9cd33cca1221880f3e28cc81f2bdd19be58b02

COCOAPODS: 1.11.3
