// !$*UTF8*$!
{
	archiveVersion = 1;
	classes = {
	};
	objectVersion = 50;
	objects = {

/* Begin PBXBuildFile section */
		1B10087E25D7EA420005A2D7 /* MonthDateAndTimeInteractor.swift in Sources */ = {isa = PBXBuildFile; fileRef = 1B10087D25D7EA420005A2D7 /* MonthDateAndTimeInteractor.swift */; };
		1B10088125D7EFCB0005A2D7 /* TimeDateAndTimeInteractor.swift in Sources */ = {isa = PBXBuildFile; fileRef = 1B10088025D7EFCB0005A2D7 /* TimeDateAndTimeInteractor.swift */; };
		1B10088B25D808180005A2D7 /* LotterySettingsView.swift in Sources */ = {isa = PBXBuildFile; fileRef = 1B10088A25D808180005A2D7 /* LotterySettingsView.swift */; };
		1B10088E25D808C40005A2D7 /* LotteryResultsView.swift in Sources */ = {isa = PBXBuildFile; fileRef = 1B10088D25D808C40005A2D7 /* LotteryResultsView.swift */; };
		1B325C0625D2C9CA00382F33 /* Feedback.swift in Sources */ = {isa = PBXBuildFile; fileRef = 1B325C0525D2C9CA00382F33 /* Feedback.swift */; };
		1B325C0E25D2CF8D00382F33 /* LaunchScreen.storyboard in Resources */ = {isa = PBXBuildFile; fileRef = 1B325C0D25D2CF8D00382F33 /* LaunchScreen.storyboard */; };
		1B325C1325D2CFDF00382F33 /* Localizable.strings in Resources */ = {isa = PBXBuildFile; fileRef = 1B325C1525D2CFDF00382F33 /* Localizable.strings */; };
		1B3D19EF25D1BB3D0027A83B /* NumberResultsView.swift in Sources */ = {isa = PBXBuildFile; fileRef = 1B3D19EE25D1BB3D0027A83B /* NumberResultsView.swift */; };
		1B3D19F525D1EAE00027A83B /* CustomListWordsView.swift in Sources */ = {isa = PBXBuildFile; fileRef = 1B3D19F425D1EAE00027A83B /* CustomListWordsView.swift */; };
		1B3D19F825D20DA90027A83B /* BoxCellCubeOneView.swift in Sources */ = {isa = PBXBuildFile; fileRef = 1B3D19F725D20DA90027A83B /* BoxCellCubeOneView.swift */; };
		1B3D19FC25D21C8D0027A83B /* YesOrNotResultsView.swift in Sources */ = {isa = PBXBuildFile; fileRef = 1B3D19FB25D21C8D0027A83B /* YesOrNotResultsView.swift */; };
		1B3D19FF25D21DBB0027A83B /* CharactersResultsView.swift in Sources */ = {isa = PBXBuildFile; fileRef = 1B3D19FE25D21DBB0027A83B /* CharactersResultsView.swift */; };
		1B3D1A0225D21E920027A83B /* CoinResultsView.swift in Sources */ = {isa = PBXBuildFile; fileRef = 1B3D1A0125D21E920027A83B /* CoinResultsView.swift */; };
		1B3D1A0525D21F2D0027A83B /* CubeResultsView.swift in Sources */ = {isa = PBXBuildFile; fileRef = 1B3D1A0425D21F2D0027A83B /* CubeResultsView.swift */; };
		1B6875A425DB307C006E82D4 /* PurchasesView.swift in Sources */ = {isa = PBXBuildFile; fileRef = 1B6875A325DB307C006E82D4 /* PurchasesView.swift */; };
		1B6875A825DB614F006E82D4 /* StoreKit.framework in Frameworks */ = {isa = PBXBuildFile; fileRef = 1B6875A725DB614F006E82D4 /* StoreKit.framework */; };
		1B6875AB25DB620C006E82D4 /* StoreManager.swift in Sources */ = {isa = PBXBuildFile; fileRef = 1B6875AA25DB620C006E82D4 /* StoreManager.swift */; };
		1B7B3C3A25D3F0A1002ED8CD /* MbModalHackView.swift in Sources */ = {isa = PBXBuildFile; fileRef = 1B7B3C3925D3F0A1002ED8CD /* MbModalHackView.swift */; };
		1B7B3C3D25D3F410002ED8CD /* ListWordsResultsView.swift in Sources */ = {isa = PBXBuildFile; fileRef = 1B7B3C3C25D3F410002ED8CD /* ListWordsResultsView.swift */; };
		1B7F667125D0856300933AD6 /* AppDelegate.swift in Sources */ = {isa = PBXBuildFile; fileRef = 1B7F667025D0856300933AD6 /* AppDelegate.swift */; };
		1B7F667325D0856300933AD6 /* SceneDelegate.swift in Sources */ = {isa = PBXBuildFile; fileRef = 1B7F667225D0856300933AD6 /* SceneDelegate.swift */; };
		1B7F667A25D0856300933AD6 /* Assets.xcassets in Resources */ = {isa = PBXBuildFile; fileRef = 1B7F667925D0856300933AD6 /* Assets.xcassets */; };
		1B7F668825D0860600933AD6 /* PageView.swift in Sources */ = {isa = PBXBuildFile; fileRef = 1B7F668725D0860600933AD6 /* PageView.swift */; };
		1B7F669925D0876F00933AD6 /* AppState.swift in Sources */ = {isa = PBXBuildFile; fileRef = 1B7F669825D0876F00933AD6 /* AppState.swift */; };
		1B7F669C25D0881300933AD6 /* Main.swift in Sources */ = {isa = PBXBuildFile; fileRef = 1B7F669B25D0881300933AD6 /* Main.swift */; };
		1B7F669F25D0883C00933AD6 /* NumberRandom.swift in Sources */ = {isa = PBXBuildFile; fileRef = 1B7F669E25D0883C00933AD6 /* NumberRandom.swift */; };
		1B7F66A225D0884F00933AD6 /* ListWords.swift in Sources */ = {isa = PBXBuildFile; fileRef = 1B7F66A125D0884F00933AD6 /* ListWords.swift */; };
		1B7F66A525D0889100933AD6 /* AppActions.swift in Sources */ = {isa = PBXBuildFile; fileRef = 1B7F66A425D0889100933AD6 /* AppActions.swift */; };
		1B7F66A925D0892900933AD6 /* MainActions.swift in Sources */ = {isa = PBXBuildFile; fileRef = 1B7F66A825D0892900933AD6 /* MainActions.swift */; };
		1B7F66AE25D0898000933AD6 /* NumberActions.swift in Sources */ = {isa = PBXBuildFile; fileRef = 1B7F66AD25D0898000933AD6 /* NumberActions.swift */; };
		1B7F66B325D089AF00933AD6 /* ListWordsActions.swift in Sources */ = {isa = PBXBuildFile; fileRef = 1B7F66B225D089AF00933AD6 /* ListWordsActions.swift */; };
		1B7F66B725D089F600933AD6 /* MainInteractor.swift in Sources */ = {isa = PBXBuildFile; fileRef = 1B7F66B625D089F600933AD6 /* MainInteractor.swift */; };
		1B7F66BA25D08A4600933AD6 /* NumberInteractor.swift in Sources */ = {isa = PBXBuildFile; fileRef = 1B7F66B925D08A4600933AD6 /* NumberInteractor.swift */; };
		1B7F66BD25D08A7100933AD6 /* ListWordsInteractor.swift in Sources */ = {isa = PBXBuildFile; fileRef = 1B7F66BC25D08A7100933AD6 /* ListWordsInteractor.swift */; };
		1B7F66C025D08AD500933AD6 /* InteractorsContainer.swift in Sources */ = {isa = PBXBuildFile; fileRef = 1B7F66BF25D08AD500933AD6 /* InteractorsContainer.swift */; };
		1B7F66C325D08AF000933AD6 /* DependencyInjector.swift in Sources */ = {isa = PBXBuildFile; fileRef = 1B7F66C225D08AF000933AD6 /* DependencyInjector.swift */; };
		1B7F66C725D08B1700933AD6 /* Store.swift in Sources */ = {isa = PBXBuildFile; fileRef = 1B7F66C625D08B1700933AD6 /* Store.swift */; };
		1B7F66D125D08C1000933AD6 /* Roboto-Medium.ttf in Resources */ = {isa = PBXBuildFile; fileRef = 1B7F66CA25D08C1000933AD6 /* Roboto-Medium.ttf */; };
		1B7F66D225D08C1000933AD6 /* Roboto-Bold.ttf in Resources */ = {isa = PBXBuildFile; fileRef = 1B7F66CB25D08C1000933AD6 /* Roboto-Bold.ttf */; };
		1B7F66D325D08C1000933AD6 /* Roboto-Regular.ttf in Resources */ = {isa = PBXBuildFile; fileRef = 1B7F66CC25D08C1000933AD6 /* Roboto-Regular.ttf */; };
		1B7F66D425D08C1000933AD6 /* Roboto-Thin.ttf in Resources */ = {isa = PBXBuildFile; fileRef = 1B7F66CD25D08C1000933AD6 /* Roboto-Thin.ttf */; };
		1B7F66D525D08C1000933AD6 /* SFProDisplay-Medium.ttf in Resources */ = {isa = PBXBuildFile; fileRef = 1B7F66CE25D08C1000933AD6 /* SFProDisplay-Medium.ttf */; };
		1B7F66D625D08C1000933AD6 /* Roboto-Light.ttf in Resources */ = {isa = PBXBuildFile; fileRef = 1B7F66CF25D08C1000933AD6 /* Roboto-Light.ttf */; };
		1B7F66D725D08C1000933AD6 /* Roboto-Black.ttf in Resources */ = {isa = PBXBuildFile; fileRef = 1B7F66D025D08C1000933AD6 /* Roboto-Black.ttf */; };
		1B7F66DB25D08CE200933AD6 /* ProgressBarView.swift in Sources */ = {isa = PBXBuildFile; fileRef = 1B7F66DA25D08CE200933AD6 /* ProgressBarView.swift */; };
		1B7F66DF25D08D1300933AD6 /* Size.swift in Sources */ = {isa = PBXBuildFile; fileRef = 1B7F66DE25D08D1300933AD6 /* Size.swift */; };
		1B7F66E225D08D3100933AD6 /* RoundedColorEdge.swift in Sources */ = {isa = PBXBuildFile; fileRef = 1B7F66E125D08D3100933AD6 /* RoundedColorEdge.swift */; };
		1B7F66E525D08D5A00933AD6 /* Font.swift in Sources */ = {isa = PBXBuildFile; fileRef = 1B7F66E425D08D5A00933AD6 /* Font.swift */; };
		1B7F66E825D08D7E00933AD6 /* UIScreen.swift in Sources */ = {isa = PBXBuildFile; fileRef = 1B7F66E725D08D7E00933AD6 /* UIScreen.swift */; };
		1B7F66EB25D08D9100933AD6 /* KeyboardListener.swift in Sources */ = {isa = PBXBuildFile; fileRef = 1B7F66EA25D08D9100933AD6 /* KeyboardListener.swift */; };
		1B7F66EE25D08DA600933AD6 /* KeyboardAware.swift in Sources */ = {isa = PBXBuildFile; fileRef = 1B7F66ED25D08DA600933AD6 /* KeyboardAware.swift */; };
		1B7F66F125D08DC100933AD6 /* ColorExtensions.swift in Sources */ = {isa = PBXBuildFile; fileRef = 1B7F66F025D08DC100933AD6 /* ColorExtensions.swift */; };
		1B7F66F425D08DE800933AD6 /* StringProtocol.swift in Sources */ = {isa = PBXBuildFile; fileRef = 1B7F66F325D08DE800933AD6 /* StringProtocol.swift */; };
		1B7F66F825D08E3300933AD6 /* TextFieldUIKit.swift in Sources */ = {isa = PBXBuildFile; fileRef = 1B7F66F725D08E3300933AD6 /* TextFieldUIKit.swift */; };
		1B7F66FC25D0930600933AD6 /* MainView.swift in Sources */ = {isa = PBXBuildFile; fileRef = 1B7F66FB25D0930600933AD6 /* MainView.swift */; };
		1B7F66FF25D0937100933AD6 /* CellMainView.swift in Sources */ = {isa = PBXBuildFile; fileRef = 1B7F66FE25D0937100933AD6 /* CellMainView.swift */; };
		1B7F670625D09A9B00933AD6 /* TabBarView.swift in Sources */ = {isa = PBXBuildFile; fileRef = 1B7F670525D09A9B00933AD6 /* TabBarView.swift */; };
		1B7F670B25D0A27D00933AD6 /* NumberView.swift in Sources */ = {isa = PBXBuildFile; fileRef = 1B7F670A25D0A27D00933AD6 /* NumberView.swift */; };
		1B9202F925D16CE90094D2BE /* YesOrNotView.swift in Sources */ = {isa = PBXBuildFile; fileRef = 1B9202F825D16CE90094D2BE /* YesOrNotView.swift */; };
		1B9202FD25D16D760094D2BE /* YesOrNo.swift in Sources */ = {isa = PBXBuildFile; fileRef = 1B9202FC25D16D760094D2BE /* YesOrNo.swift */; };
		1B92030225D16DF20094D2BE /* YesOrNoActions.swift in Sources */ = {isa = PBXBuildFile; fileRef = 1B92030125D16DF20094D2BE /* YesOrNoActions.swift */; };
		1B92030625D16E1D0094D2BE /* YesOrNoInteractor.swift in Sources */ = {isa = PBXBuildFile; fileRef = 1B92030525D16E1D0094D2BE /* YesOrNoInteractor.swift */; };
		1B92030A25D1703E0094D2BE /* CharactersView.swift in Sources */ = {isa = PBXBuildFile; fileRef = 1B92030925D1703E0094D2BE /* CharactersView.swift */; };
		1B92030E25D170640094D2BE /* Characters.swift in Sources */ = {isa = PBXBuildFile; fileRef = 1B92030D25D170640094D2BE /* Characters.swift */; };
		1B92031325D170D50094D2BE /* CharactersActions.swift in Sources */ = {isa = PBXBuildFile; fileRef = 1B92031225D170D50094D2BE /* CharactersActions.swift */; };
		1B92031725D170F50094D2BE /* CharactersInteractor.swift in Sources */ = {isa = PBXBuildFile; fileRef = 1B92031625D170F50094D2BE /* CharactersInteractor.swift */; };
		1B92031C25D1755B0094D2BE /* CharactersSettingsView.swift in Sources */ = {isa = PBXBuildFile; fileRef = 1B92031B25D1755B0094D2BE /* CharactersSettingsView.swift */; };
		1B92032025D177510094D2BE /* ListWordsView.swift in Sources */ = {isa = PBXBuildFile; fileRef = 1B92031F25D177510094D2BE /* ListWordsView.swift */; };
		1B92032725D179330094D2BE /* ListWordsSettingsView.swift in Sources */ = {isa = PBXBuildFile; fileRef = 1B92032625D179330094D2BE /* ListWordsSettingsView.swift */; };
		1B92032C25D17D3A0094D2BE /* CoinView.swift in Sources */ = {isa = PBXBuildFile; fileRef = 1B92032B25D17D3A0094D2BE /* CoinView.swift */; };
		1B92033025D17D5B0094D2BE /* Coin.swift in Sources */ = {isa = PBXBuildFile; fileRef = 1B92032F25D17D5B0094D2BE /* Coin.swift */; };
		1B92033425D17DAC0094D2BE /* CoinActions.swift in Sources */ = {isa = PBXBuildFile; fileRef = 1B92033325D17DAC0094D2BE /* CoinActions.swift */; };
		1B92033825D17DCD0094D2BE /* CoinInteractor.swift in Sources */ = {isa = PBXBuildFile; fileRef = 1B92033725D17DCD0094D2BE /* CoinInteractor.swift */; };
		1B92033D25D17EDE0094D2BE /* CoinSettingsView.swift in Sources */ = {isa = PBXBuildFile; fileRef = 1B92033C25D17EDE0094D2BE /* CoinSettingsView.swift */; };
		1B92034125D1885C0094D2BE /* CubeView.swift in Sources */ = {isa = PBXBuildFile; fileRef = 1B92034025D1885C0094D2BE /* CubeView.swift */; };
		1B92034625D1888B0094D2BE /* Cube.swift in Sources */ = {isa = PBXBuildFile; fileRef = 1B92034525D1888B0094D2BE /* Cube.swift */; };
		1B92034B25D188BE0094D2BE /* CubeActions.swift in Sources */ = {isa = PBXBuildFile; fileRef = 1B92034A25D188BE0094D2BE /* CubeActions.swift */; };
		1B92034F25D188DC0094D2BE /* CubeInterator.swift in Sources */ = {isa = PBXBuildFile; fileRef = 1B92034E25D188DC0094D2BE /* CubeInterator.swift */; };
		1B92035325D189890094D2BE /* CubeSettingsView.swift in Sources */ = {isa = PBXBuildFile; fileRef = 1B92035225D189890094D2BE /* CubeSettingsView.swift */; };
		1B92035625D18EF10094D2BE /* CellCubeOneView.swift in Sources */ = {isa = PBXBuildFile; fileRef = 1B92035525D18EF10094D2BE /* CellCubeOneView.swift */; };
		1BA1D0AE25D73CF300C3FC91 /* DayDateAndTimeInteractor.swift in Sources */ = {isa = PBXBuildFile; fileRef = 1BA1D0AD25D73CF300C3FC91 /* DayDateAndTimeInteractor.swift */; };
		1BA1D0B225D740D400C3FC91 /* DateAndTimeSettingsView.swift in Sources */ = {isa = PBXBuildFile; fileRef = 1BA1D0B125D740D400C3FC91 /* DateAndTimeSettingsView.swift */; };
		1BA1D0B525D7423900C3FC91 /* DateAndTimeResultsView.swift in Sources */ = {isa = PBXBuildFile; fileRef = 1BA1D0B425D7423900C3FC91 /* DateAndTimeResultsView.swift */; };
		1BD1F90425D7250E00A1C7A4 /* MailView.swift in Sources */ = {isa = PBXBuildFile; fileRef = 1BD1F90325D7250D00A1C7A4 /* MailView.swift */; };
		1BD1F90825D72B2500A1C7A4 /* UIViewController.swift in Sources */ = {isa = PBXBuildFile; fileRef = 1BD1F90725D72B2500A1C7A4 /* UIViewController.swift */; };
		1BD1F90C25D7313000A1C7A4 /* DateAndTimeView.swift in Sources */ = {isa = PBXBuildFile; fileRef = 1BD1F90B25D7313000A1C7A4 /* DateAndTimeView.swift */; };
		1BD1F91025D7324000A1C7A4 /* DateAndTime.swift in Sources */ = {isa = PBXBuildFile; fileRef = 1BD1F90F25D7324000A1C7A4 /* DateAndTime.swift */; };
		1BD1F91425D7328A00A1C7A4 /* DateAndTimeActions.swift in Sources */ = {isa = PBXBuildFile; fileRef = 1BD1F91325D7328A00A1C7A4 /* DateAndTimeActions.swift */; };
		1BD1F91825D732E900A1C7A4 /* DateAndTimeInteractor.swift in Sources */ = {isa = PBXBuildFile; fileRef = 1BD1F91725D732E900A1C7A4 /* DateAndTimeInteractor.swift */; };
		1BD1F91C25D7336D00A1C7A4 /* LotteryView.swift in Sources */ = {isa = PBXBuildFile; fileRef = 1BD1F91B25D7336D00A1C7A4 /* LotteryView.swift */; };
		1BD1F92025D7338700A1C7A4 /* Lottery.swift in Sources */ = {isa = PBXBuildFile; fileRef = 1BD1F91F25D7338700A1C7A4 /* Lottery.swift */; };
		1BD1F92425D733AB00A1C7A4 /* LotteryActions.swift in Sources */ = {isa = PBXBuildFile; fileRef = 1BD1F92325D733AB00A1C7A4 /* LotteryActions.swift */; };
		1BD1F92825D733E900A1C7A4 /* LotteryInteractor.swift in Sources */ = {isa = PBXBuildFile; fileRef = 1BD1F92725D733E900A1C7A4 /* LotteryInteractor.swift */; };
		1BEC8EB125D0A9F900FE3A3F /* ButtonView.swift in Sources */ = {isa = PBXBuildFile; fileRef = 1BEC8EB025D0A9F900FE3A3F /* ButtonView.swift */; };
		1BEC8EB425D0AB9300FE3A3F /* CellNumberView.swift in Sources */ = {isa = PBXBuildFile; fileRef = 1BEC8EB325D0AB9300FE3A3F /* CellNumberView.swift */; };
		1BEC8EB725D0B2A700FE3A3F /* NumberSettingsView.swift in Sources */ = {isa = PBXBuildFile; fileRef = 1BEC8EB625D0B2A700FE3A3F /* NumberSettingsView.swift */; };
		1BF22F1F25D8856000775368 /* TeamView.swift in Sources */ = {isa = PBXBuildFile; fileRef = 1BF22F1E25D8856000775368 /* TeamView.swift */; };
		1BF22F2325D8857A00775368 /* Team.swift in Sources */ = {isa = PBXBuildFile; fileRef = 1BF22F2225D8857A00775368 /* Team.swift */; };
		1BF22F2725D885C100775368 /* TeamActions.swift in Sources */ = {isa = PBXBuildFile; fileRef = 1BF22F2625D885C100775368 /* TeamActions.swift */; };
		1BF22F2B25D8860000775368 /* TeamInteractor.swift in Sources */ = {isa = PBXBuildFile; fileRef = 1BF22F2A25D8860000775368 /* TeamInteractor.swift */; };
		1BF22F2E25D88F1A00775368 /* PlayerView.swift in Sources */ = {isa = PBXBuildFile; fileRef = 1BF22F2D25D88F1A00775368 /* PlayerView.swift */; };
		1BF22F3225D88F3C00775368 /* Player.swift in Sources */ = {isa = PBXBuildFile; fileRef = 1BF22F3125D88F3C00775368 /* Player.swift */; };
		1BF22F3825D89E4000775368 /* AddPlayerSheet.swift in Sources */ = {isa = PBXBuildFile; fileRef = 1BF22F3725D89E4000775368 /* AddPlayerSheet.swift */; };
		1BF22F3B25D8AD2600775368 /* ScrollTeamPlayers.swift in Sources */ = {isa = PBXBuildFile; fileRef = 1BF22F3A25D8AD2600775368 /* ScrollTeamPlayers.swift */; };
		1BF22F3E25D8B21A00775368 /* TeamSettingsView.swift in Sources */ = {isa = PBXBuildFile; fileRef = 1BF22F3D25D8B21A00775368 /* TeamSettingsView.swift */; };
		1BF22F4225D8B23F00775368 /* TeamResultsView.swift in Sources */ = {isa = PBXBuildFile; fileRef = 1BF22F4125D8B23F00775368 /* TeamResultsView.swift */; };
		1BF22F4525D8D49E00775368 /* TeamCustomListView.swift in Sources */ = {isa = PBXBuildFile; fileRef = 1BF22F4425D8D49E00775368 /* TeamCustomListView.swift */; };
		1BF22F4825D8DBC400775368 /* PlayerPlugView.swift in Sources */ = {isa = PBXBuildFile; fileRef = 1BF22F4725D8DBC400775368 /* PlayerPlugView.swift */; };
		1BF30DC225D194A300DCE62B /* CellCubeTwoView.swift in Sources */ = {isa = PBXBuildFile; fileRef = 1BF30DC125D194A300DCE62B /* CellCubeTwoView.swift */; };
		1BF30DC525D195A900DCE62B /* CellCubeThreeView.swift in Sources */ = {isa = PBXBuildFile; fileRef = 1BF30DC425D195A900DCE62B /* CellCubeThreeView.swift */; };
		1BF30DC825D195EC00DCE62B /* CellCubeFourView.swift in Sources */ = {isa = PBXBuildFile; fileRef = 1BF30DC725D195EC00DCE62B /* CellCubeFourView.swift */; };
		1BF30DCB25D1963400DCE62B /* CellCubeFiveView.swift in Sources */ = {isa = PBXBuildFile; fileRef = 1BF30DCA25D1963400DCE62B /* CellCubeFiveView.swift */; };
		1BF30DCE25D1967A00DCE62B /* CellCubeSixView.swift in Sources */ = {isa = PBXBuildFile; fileRef = 1BF30DCD25D1967A00DCE62B /* CellCubeSixView.swift */; };
		1BF30DD325D19B1600DCE62B /* SettingsView.swift in Sources */ = {isa = PBXBuildFile; fileRef = 1BF30DD225D19B1600DCE62B /* SettingsView.swift */; };
		1BF30DD725D19E2500DCE62B /* Settings.swift in Sources */ = {isa = PBXBuildFile; fileRef = 1BF30DD625D19E2500DCE62B /* Settings.swift */; };
		1BF30DDB25D19E5400DCE62B /* SettingsActions.swift in Sources */ = {isa = PBXBuildFile; fileRef = 1BF30DDA25D19E5400DCE62B /* SettingsActions.swift */; };
		1BF30DDF25D19E9D00DCE62B /* SettingsInterator.swift in Sources */ = {isa = PBXBuildFile; fileRef = 1BF30DDE25D19E9D00DCE62B /* SettingsInterator.swift */; };
		1BF30DE225D19F6E00DCE62B /* YesOrNotSettingsView.swift in Sources */ = {isa = PBXBuildFile; fileRef = 1BF30DE125D19F6E00DCE62B /* YesOrNotSettingsView.swift */; };
/* End PBXBuildFile section */

/* Begin PBXFileReference section */
		1B10087D25D7EA420005A2D7 /* MonthDateAndTimeInteractor.swift */ = {isa = PBXFileReference; lastKnownFileType = sourcecode.swift; path = MonthDateAndTimeInteractor.swift; sourceTree = "<group>"; };
		1B10088025D7EFCB0005A2D7 /* TimeDateAndTimeInteractor.swift */ = {isa = PBXFileReference; lastKnownFileType = sourcecode.swift; path = TimeDateAndTimeInteractor.swift; sourceTree = "<group>"; };
		1B10088A25D808180005A2D7 /* LotterySettingsView.swift */ = {isa = PBXFileReference; lastKnownFileType = sourcecode.swift; path = LotterySettingsView.swift; sourceTree = "<group>"; };
		1B10088D25D808C40005A2D7 /* LotteryResultsView.swift */ = {isa = PBXFileReference; lastKnownFileType = sourcecode.swift; path = LotteryResultsView.swift; sourceTree = "<group>"; };
		1B325C0525D2C9CA00382F33 /* Feedback.swift */ = {isa = PBXFileReference; lastKnownFileType = sourcecode.swift; path = Feedback.swift; sourceTree = "<group>"; };
		1B325C0D25D2CF8D00382F33 /* LaunchScreen.storyboard */ = {isa = PBXFileReference; lastKnownFileType = file.storyboard; path = LaunchScreen.storyboard; sourceTree = "<group>"; };
		1B325C1725D2CFE300382F33 /* ru */ = {isa = PBXFileReference; lastKnownFileType = text.plist.strings; name = ru; path = ru.lproj/Localizable.strings; sourceTree = "<group>"; };
		1B325C1925D2D18300382F33 /* en */ = {isa = PBXFileReference; lastKnownFileType = text.plist.strings; name = en; path = en.lproj/Localizable.strings; sourceTree = "<group>"; };
		1B3D19EE25D1BB3D0027A83B /* NumberResultsView.swift */ = {isa = PBXFileReference; lastKnownFileType = sourcecode.swift; path = NumberResultsView.swift; sourceTree = "<group>"; };
		1B3D19F425D1EAE00027A83B /* CustomListWordsView.swift */ = {isa = PBXFileReference; lastKnownFileType = sourcecode.swift; path = CustomListWordsView.swift; sourceTree = "<group>"; };
		1B3D19F725D20DA90027A83B /* BoxCellCubeOneView.swift */ = {isa = PBXFileReference; lastKnownFileType = sourcecode.swift; path = BoxCellCubeOneView.swift; sourceTree = "<group>"; };
		1B3D19FB25D21C8D0027A83B /* YesOrNotResultsView.swift */ = {isa = PBXFileReference; lastKnownFileType = sourcecode.swift; path = YesOrNotResultsView.swift; sourceTree = "<group>"; };
		1B3D19FE25D21DBB0027A83B /* CharactersResultsView.swift */ = {isa = PBXFileReference; lastKnownFileType = sourcecode.swift; path = CharactersResultsView.swift; sourceTree = "<group>"; };
		1B3D1A0125D21E920027A83B /* CoinResultsView.swift */ = {isa = PBXFileReference; lastKnownFileType = sourcecode.swift; path = CoinResultsView.swift; sourceTree = "<group>"; };
		1B3D1A0425D21F2D0027A83B /* CubeResultsView.swift */ = {isa = PBXFileReference; lastKnownFileType = sourcecode.swift; path = CubeResultsView.swift; sourceTree = "<group>"; };
		1B6875A325DB307C006E82D4 /* PurchasesView.swift */ = {isa = PBXFileReference; lastKnownFileType = sourcecode.swift; path = PurchasesView.swift; sourceTree = "<group>"; };
		1B6875A725DB614F006E82D4 /* StoreKit.framework */ = {isa = PBXFileReference; lastKnownFileType = wrapper.framework; name = StoreKit.framework; path = System/Library/Frameworks/StoreKit.framework; sourceTree = SDKROOT; };
		1B6875AA25DB620C006E82D4 /* StoreManager.swift */ = {isa = PBXFileReference; lastKnownFileType = sourcecode.swift; path = StoreManager.swift; sourceTree = "<group>"; };
		1B7B3C3925D3F0A1002ED8CD /* MbModalHackView.swift */ = {isa = PBXFileReference; lastKnownFileType = sourcecode.swift; path = MbModalHackView.swift; sourceTree = "<group>"; };
		1B7B3C3C25D3F410002ED8CD /* ListWordsResultsView.swift */ = {isa = PBXFileReference; lastKnownFileType = sourcecode.swift; path = ListWordsResultsView.swift; sourceTree = "<group>"; };
		1B7F666D25D0856300933AD6 /* Random Pro.app */ = {isa = PBXFileReference; explicitFileType = wrapper.application; includeInIndex = 0; path = "Random Pro.app"; sourceTree = BUILT_PRODUCTS_DIR; };
		1B7F667025D0856300933AD6 /* AppDelegate.swift */ = {isa = PBXFileReference; lastKnownFileType = sourcecode.swift; path = AppDelegate.swift; sourceTree = "<group>"; };
		1B7F667225D0856300933AD6 /* SceneDelegate.swift */ = {isa = PBXFileReference; lastKnownFileType = sourcecode.swift; path = SceneDelegate.swift; sourceTree = "<group>"; };
		1B7F667925D0856300933AD6 /* Assets.xcassets */ = {isa = PBXFileReference; lastKnownFileType = folder.assetcatalog; path = Assets.xcassets; sourceTree = "<group>"; };
		1B7F667E25D0856300933AD6 /* Info.plist */ = {isa = PBXFileReference; lastKnownFileType = text.plist.xml; path = Info.plist; sourceTree = "<group>"; };
		1B7F668725D0860600933AD6 /* PageView.swift */ = {isa = PBXFileReference; lastKnownFileType = sourcecode.swift; path = PageView.swift; sourceTree = "<group>"; };
		1B7F669825D0876F00933AD6 /* AppState.swift */ = {isa = PBXFileReference; lastKnownFileType = sourcecode.swift; path = AppState.swift; sourceTree = "<group>"; };
		1B7F669B25D0881300933AD6 /* Main.swift */ = {isa = PBXFileReference; lastKnownFileType = sourcecode.swift; path = Main.swift; sourceTree = "<group>"; };
		1B7F669E25D0883C00933AD6 /* NumberRandom.swift */ = {isa = PBXFileReference; lastKnownFileType = sourcecode.swift; path = NumberRandom.swift; sourceTree = "<group>"; };
		1B7F66A125D0884F00933AD6 /* ListWords.swift */ = {isa = PBXFileReference; lastKnownFileType = sourcecode.swift; path = ListWords.swift; sourceTree = "<group>"; };
		1B7F66A425D0889100933AD6 /* AppActions.swift */ = {isa = PBXFileReference; lastKnownFileType = sourcecode.swift; path = AppActions.swift; sourceTree = "<group>"; };
		1B7F66A825D0892900933AD6 /* MainActions.swift */ = {isa = PBXFileReference; lastKnownFileType = sourcecode.swift; path = MainActions.swift; sourceTree = "<group>"; };
		1B7F66AD25D0898000933AD6 /* NumberActions.swift */ = {isa = PBXFileReference; lastKnownFileType = sourcecode.swift; path = NumberActions.swift; sourceTree = "<group>"; };
		1B7F66B225D089AF00933AD6 /* ListWordsActions.swift */ = {isa = PBXFileReference; lastKnownFileType = sourcecode.swift; path = ListWordsActions.swift; sourceTree = "<group>"; };
		1B7F66B625D089F600933AD6 /* MainInteractor.swift */ = {isa = PBXFileReference; lastKnownFileType = sourcecode.swift; path = MainInteractor.swift; sourceTree = "<group>"; };
		1B7F66B925D08A4600933AD6 /* NumberInteractor.swift */ = {isa = PBXFileReference; lastKnownFileType = sourcecode.swift; path = NumberInteractor.swift; sourceTree = "<group>"; };
		1B7F66BC25D08A7100933AD6 /* ListWordsInteractor.swift */ = {isa = PBXFileReference; lastKnownFileType = sourcecode.swift; path = ListWordsInteractor.swift; sourceTree = "<group>"; };
		1B7F66BF25D08AD500933AD6 /* InteractorsContainer.swift */ = {isa = PBXFileReference; lastKnownFileType = sourcecode.swift; path = InteractorsContainer.swift; sourceTree = "<group>"; };
		1B7F66C225D08AF000933AD6 /* DependencyInjector.swift */ = {isa = PBXFileReference; lastKnownFileType = sourcecode.swift; path = DependencyInjector.swift; sourceTree = "<group>"; };
		1B7F66C625D08B1700933AD6 /* Store.swift */ = {isa = PBXFileReference; lastKnownFileType = sourcecode.swift; path = Store.swift; sourceTree = "<group>"; };
		1B7F66CA25D08C1000933AD6 /* Roboto-Medium.ttf */ = {isa = PBXFileReference; lastKnownFileType = file; path = "Roboto-Medium.ttf"; sourceTree = "<group>"; };
		1B7F66CB25D08C1000933AD6 /* Roboto-Bold.ttf */ = {isa = PBXFileReference; lastKnownFileType = file; path = "Roboto-Bold.ttf"; sourceTree = "<group>"; };
		1B7F66CC25D08C1000933AD6 /* Roboto-Regular.ttf */ = {isa = PBXFileReference; lastKnownFileType = file; path = "Roboto-Regular.ttf"; sourceTree = "<group>"; };
		1B7F66CD25D08C1000933AD6 /* Roboto-Thin.ttf */ = {isa = PBXFileReference; lastKnownFileType = file; path = "Roboto-Thin.ttf"; sourceTree = "<group>"; };
		1B7F66CE25D08C1000933AD6 /* SFProDisplay-Medium.ttf */ = {isa = PBXFileReference; lastKnownFileType = file; path = "SFProDisplay-Medium.ttf"; sourceTree = "<group>"; };
		1B7F66CF25D08C1000933AD6 /* Roboto-Light.ttf */ = {isa = PBXFileReference; lastKnownFileType = file; path = "Roboto-Light.ttf"; sourceTree = "<group>"; };
		1B7F66D025D08C1000933AD6 /* Roboto-Black.ttf */ = {isa = PBXFileReference; lastKnownFileType = file; path = "Roboto-Black.ttf"; sourceTree = "<group>"; };
		1B7F66DA25D08CE200933AD6 /* ProgressBarView.swift */ = {isa = PBXFileReference; lastKnownFileType = sourcecode.swift; path = ProgressBarView.swift; sourceTree = "<group>"; };
		1B7F66DE25D08D1300933AD6 /* Size.swift */ = {isa = PBXFileReference; lastKnownFileType = sourcecode.swift; path = Size.swift; sourceTree = "<group>"; };
		1B7F66E125D08D3100933AD6 /* RoundedColorEdge.swift */ = {isa = PBXFileReference; lastKnownFileType = sourcecode.swift; path = RoundedColorEdge.swift; sourceTree = "<group>"; };
		1B7F66E425D08D5A00933AD6 /* Font.swift */ = {isa = PBXFileReference; lastKnownFileType = sourcecode.swift; path = Font.swift; sourceTree = "<group>"; };
		1B7F66E725D08D7E00933AD6 /* UIScreen.swift */ = {isa = PBXFileReference; lastKnownFileType = sourcecode.swift; path = UIScreen.swift; sourceTree = "<group>"; };
		1B7F66EA25D08D9100933AD6 /* KeyboardListener.swift */ = {isa = PBXFileReference; lastKnownFileType = sourcecode.swift; path = KeyboardListener.swift; sourceTree = "<group>"; };
		1B7F66ED25D08DA600933AD6 /* KeyboardAware.swift */ = {isa = PBXFileReference; lastKnownFileType = sourcecode.swift; path = KeyboardAware.swift; sourceTree = "<group>"; };
		1B7F66F025D08DC100933AD6 /* ColorExtensions.swift */ = {isa = PBXFileReference; lastKnownFileType = sourcecode.swift; path = ColorExtensions.swift; sourceTree = "<group>"; };
		1B7F66F325D08DE800933AD6 /* StringProtocol.swift */ = {isa = PBXFileReference; lastKnownFileType = sourcecode.swift; path = StringProtocol.swift; sourceTree = "<group>"; };
		1B7F66F725D08E3300933AD6 /* TextFieldUIKit.swift */ = {isa = PBXFileReference; lastKnownFileType = sourcecode.swift; path = TextFieldUIKit.swift; sourceTree = "<group>"; };
		1B7F66FB25D0930600933AD6 /* MainView.swift */ = {isa = PBXFileReference; lastKnownFileType = sourcecode.swift; path = MainView.swift; sourceTree = "<group>"; };
		1B7F66FE25D0937100933AD6 /* CellMainView.swift */ = {isa = PBXFileReference; lastKnownFileType = sourcecode.swift; path = CellMainView.swift; sourceTree = "<group>"; };
		1B7F670525D09A9B00933AD6 /* TabBarView.swift */ = {isa = PBXFileReference; lastKnownFileType = sourcecode.swift; path = TabBarView.swift; sourceTree = "<group>"; };
		1B7F670A25D0A27D00933AD6 /* NumberView.swift */ = {isa = PBXFileReference; lastKnownFileType = sourcecode.swift; path = NumberView.swift; sourceTree = "<group>"; };
		1B9202F825D16CE90094D2BE /* YesOrNotView.swift */ = {isa = PBXFileReference; lastKnownFileType = sourcecode.swift; path = YesOrNotView.swift; sourceTree = "<group>"; };
		1B9202FC25D16D760094D2BE /* YesOrNo.swift */ = {isa = PBXFileReference; lastKnownFileType = sourcecode.swift; path = YesOrNo.swift; sourceTree = "<group>"; };
		1B92030125D16DF20094D2BE /* YesOrNoActions.swift */ = {isa = PBXFileReference; lastKnownFileType = sourcecode.swift; path = YesOrNoActions.swift; sourceTree = "<group>"; };
		1B92030525D16E1D0094D2BE /* YesOrNoInteractor.swift */ = {isa = PBXFileReference; lastKnownFileType = sourcecode.swift; path = YesOrNoInteractor.swift; sourceTree = "<group>"; };
		1B92030925D1703E0094D2BE /* CharactersView.swift */ = {isa = PBXFileReference; lastKnownFileType = sourcecode.swift; path = CharactersView.swift; sourceTree = "<group>"; };
		1B92030D25D170640094D2BE /* Characters.swift */ = {isa = PBXFileReference; lastKnownFileType = sourcecode.swift; path = Characters.swift; sourceTree = "<group>"; };
		1B92031225D170D50094D2BE /* CharactersActions.swift */ = {isa = PBXFileReference; lastKnownFileType = sourcecode.swift; path = CharactersActions.swift; sourceTree = "<group>"; };
		1B92031625D170F50094D2BE /* CharactersInteractor.swift */ = {isa = PBXFileReference; lastKnownFileType = sourcecode.swift; path = CharactersInteractor.swift; sourceTree = "<group>"; };
		1B92031B25D1755B0094D2BE /* CharactersSettingsView.swift */ = {isa = PBXFileReference; lastKnownFileType = sourcecode.swift; path = CharactersSettingsView.swift; sourceTree = "<group>"; };
		1B92031F25D177510094D2BE /* ListWordsView.swift */ = {isa = PBXFileReference; lastKnownFileType = sourcecode.swift; path = ListWordsView.swift; sourceTree = "<group>"; };
		1B92032625D179330094D2BE /* ListWordsSettingsView.swift */ = {isa = PBXFileReference; lastKnownFileType = sourcecode.swift; path = ListWordsSettingsView.swift; sourceTree = "<group>"; };
		1B92032B25D17D3A0094D2BE /* CoinView.swift */ = {isa = PBXFileReference; lastKnownFileType = sourcecode.swift; path = CoinView.swift; sourceTree = "<group>"; };
		1B92032F25D17D5B0094D2BE /* Coin.swift */ = {isa = PBXFileReference; lastKnownFileType = sourcecode.swift; path = Coin.swift; sourceTree = "<group>"; };
		1B92033325D17DAC0094D2BE /* CoinActions.swift */ = {isa = PBXFileReference; lastKnownFileType = sourcecode.swift; path = CoinActions.swift; sourceTree = "<group>"; };
		1B92033725D17DCD0094D2BE /* CoinInteractor.swift */ = {isa = PBXFileReference; lastKnownFileType = sourcecode.swift; path = CoinInteractor.swift; sourceTree = "<group>"; };
		1B92033C25D17EDE0094D2BE /* CoinSettingsView.swift */ = {isa = PBXFileReference; lastKnownFileType = sourcecode.swift; path = CoinSettingsView.swift; sourceTree = "<group>"; };
		1B92034025D1885C0094D2BE /* CubeView.swift */ = {isa = PBXFileReference; lastKnownFileType = sourcecode.swift; path = CubeView.swift; sourceTree = "<group>"; };
		1B92034525D1888B0094D2BE /* Cube.swift */ = {isa = PBXFileReference; lastKnownFileType = sourcecode.swift; path = Cube.swift; sourceTree = "<group>"; };
		1B92034A25D188BE0094D2BE /* CubeActions.swift */ = {isa = PBXFileReference; lastKnownFileType = sourcecode.swift; path = CubeActions.swift; sourceTree = "<group>"; };
		1B92034E25D188DC0094D2BE /* CubeInterator.swift */ = {isa = PBXFileReference; lastKnownFileType = sourcecode.swift; path = CubeInterator.swift; sourceTree = "<group>"; };
		1B92035225D189890094D2BE /* CubeSettingsView.swift */ = {isa = PBXFileReference; lastKnownFileType = sourcecode.swift; path = CubeSettingsView.swift; sourceTree = "<group>"; };
		1B92035525D18EF10094D2BE /* CellCubeOneView.swift */ = {isa = PBXFileReference; lastKnownFileType = sourcecode.swift; path = CellCubeOneView.swift; sourceTree = "<group>"; };
		1BA1D0AD25D73CF300C3FC91 /* DayDateAndTimeInteractor.swift */ = {isa = PBXFileReference; lastKnownFileType = sourcecode.swift; path = DayDateAndTimeInteractor.swift; sourceTree = "<group>"; };
		1BA1D0B125D740D400C3FC91 /* DateAndTimeSettingsView.swift */ = {isa = PBXFileReference; lastKnownFileType = sourcecode.swift; path = DateAndTimeSettingsView.swift; sourceTree = "<group>"; };
		1BA1D0B425D7423900C3FC91 /* DateAndTimeResultsView.swift */ = {isa = PBXFileReference; lastKnownFileType = sourcecode.swift; path = DateAndTimeResultsView.swift; sourceTree = "<group>"; };
		1BD1F90325D7250D00A1C7A4 /* MailView.swift */ = {isa = PBXFileReference; lastKnownFileType = sourcecode.swift; path = MailView.swift; sourceTree = "<group>"; };
		1BD1F90725D72B2500A1C7A4 /* UIViewController.swift */ = {isa = PBXFileReference; lastKnownFileType = sourcecode.swift; path = UIViewController.swift; sourceTree = "<group>"; };
		1BD1F90B25D7313000A1C7A4 /* DateAndTimeView.swift */ = {isa = PBXFileReference; lastKnownFileType = sourcecode.swift; path = DateAndTimeView.swift; sourceTree = "<group>"; };
		1BD1F90F25D7324000A1C7A4 /* DateAndTime.swift */ = {isa = PBXFileReference; lastKnownFileType = sourcecode.swift; path = DateAndTime.swift; sourceTree = "<group>"; };
		1BD1F91325D7328A00A1C7A4 /* DateAndTimeActions.swift */ = {isa = PBXFileReference; lastKnownFileType = sourcecode.swift; path = DateAndTimeActions.swift; sourceTree = "<group>"; };
		1BD1F91725D732E900A1C7A4 /* DateAndTimeInteractor.swift */ = {isa = PBXFileReference; lastKnownFileType = sourcecode.swift; path = DateAndTimeInteractor.swift; sourceTree = "<group>"; };
		1BD1F91B25D7336D00A1C7A4 /* LotteryView.swift */ = {isa = PBXFileReference; lastKnownFileType = sourcecode.swift; path = LotteryView.swift; sourceTree = "<group>"; };
		1BD1F91F25D7338700A1C7A4 /* Lottery.swift */ = {isa = PBXFileReference; lastKnownFileType = sourcecode.swift; path = Lottery.swift; sourceTree = "<group>"; };
		1BD1F92325D733AB00A1C7A4 /* LotteryActions.swift */ = {isa = PBXFileReference; lastKnownFileType = sourcecode.swift; path = LotteryActions.swift; sourceTree = "<group>"; };
		1BD1F92725D733E900A1C7A4 /* LotteryInteractor.swift */ = {isa = PBXFileReference; lastKnownFileType = sourcecode.swift; path = LotteryInteractor.swift; sourceTree = "<group>"; };
		1BEC8EB025D0A9F900FE3A3F /* ButtonView.swift */ = {isa = PBXFileReference; lastKnownFileType = sourcecode.swift; path = ButtonView.swift; sourceTree = "<group>"; };
		1BEC8EB325D0AB9300FE3A3F /* CellNumberView.swift */ = {isa = PBXFileReference; lastKnownFileType = sourcecode.swift; path = CellNumberView.swift; sourceTree = "<group>"; };
		1BEC8EB625D0B2A700FE3A3F /* NumberSettingsView.swift */ = {isa = PBXFileReference; lastKnownFileType = sourcecode.swift; path = NumberSettingsView.swift; sourceTree = "<group>"; };
		1BF22F1E25D8856000775368 /* TeamView.swift */ = {isa = PBXFileReference; lastKnownFileType = sourcecode.swift; path = TeamView.swift; sourceTree = "<group>"; };
		1BF22F2225D8857A00775368 /* Team.swift */ = {isa = PBXFileReference; lastKnownFileType = sourcecode.swift; path = Team.swift; sourceTree = "<group>"; };
		1BF22F2625D885C100775368 /* TeamActions.swift */ = {isa = PBXFileReference; lastKnownFileType = sourcecode.swift; path = TeamActions.swift; sourceTree = "<group>"; };
		1BF22F2A25D8860000775368 /* TeamInteractor.swift */ = {isa = PBXFileReference; lastKnownFileType = sourcecode.swift; path = TeamInteractor.swift; sourceTree = "<group>"; };
		1BF22F2D25D88F1A00775368 /* PlayerView.swift */ = {isa = PBXFileReference; lastKnownFileType = sourcecode.swift; path = PlayerView.swift; sourceTree = "<group>"; };
		1BF22F3125D88F3C00775368 /* Player.swift */ = {isa = PBXFileReference; lastKnownFileType = sourcecode.swift; path = Player.swift; sourceTree = "<group>"; };
		1BF22F3725D89E4000775368 /* AddPlayerSheet.swift */ = {isa = PBXFileReference; lastKnownFileType = sourcecode.swift; path = AddPlayerSheet.swift; sourceTree = "<group>"; };
		1BF22F3A25D8AD2600775368 /* ScrollTeamPlayers.swift */ = {isa = PBXFileReference; lastKnownFileType = sourcecode.swift; path = ScrollTeamPlayers.swift; sourceTree = "<group>"; };
		1BF22F3D25D8B21A00775368 /* TeamSettingsView.swift */ = {isa = PBXFileReference; lastKnownFileType = sourcecode.swift; path = TeamSettingsView.swift; sourceTree = "<group>"; };
		1BF22F4125D8B23F00775368 /* TeamResultsView.swift */ = {isa = PBXFileReference; lastKnownFileType = sourcecode.swift; path = TeamResultsView.swift; sourceTree = "<group>"; };
		1BF22F4425D8D49E00775368 /* TeamCustomListView.swift */ = {isa = PBXFileReference; lastKnownFileType = sourcecode.swift; path = TeamCustomListView.swift; sourceTree = "<group>"; };
		1BF22F4725D8DBC400775368 /* PlayerPlugView.swift */ = {isa = PBXFileReference; lastKnownFileType = sourcecode.swift; path = PlayerPlugView.swift; sourceTree = "<group>"; };
		1BF30DC125D194A300DCE62B /* CellCubeTwoView.swift */ = {isa = PBXFileReference; lastKnownFileType = sourcecode.swift; path = CellCubeTwoView.swift; sourceTree = "<group>"; };
		1BF30DC425D195A900DCE62B /* CellCubeThreeView.swift */ = {isa = PBXFileReference; lastKnownFileType = sourcecode.swift; path = CellCubeThreeView.swift; sourceTree = "<group>"; };
		1BF30DC725D195EC00DCE62B /* CellCubeFourView.swift */ = {isa = PBXFileReference; lastKnownFileType = sourcecode.swift; path = CellCubeFourView.swift; sourceTree = "<group>"; };
		1BF30DCA25D1963400DCE62B /* CellCubeFiveView.swift */ = {isa = PBXFileReference; lastKnownFileType = sourcecode.swift; path = CellCubeFiveView.swift; sourceTree = "<group>"; };
		1BF30DCD25D1967A00DCE62B /* CellCubeSixView.swift */ = {isa = PBXFileReference; lastKnownFileType = sourcecode.swift; path = CellCubeSixView.swift; sourceTree = "<group>"; };
		1BF30DD225D19B1600DCE62B /* SettingsView.swift */ = {isa = PBXFileReference; lastKnownFileType = sourcecode.swift; path = SettingsView.swift; sourceTree = "<group>"; };
		1BF30DD625D19E2500DCE62B /* Settings.swift */ = {isa = PBXFileReference; lastKnownFileType = sourcecode.swift; path = Settings.swift; sourceTree = "<group>"; };
		1BF30DDA25D19E5400DCE62B /* SettingsActions.swift */ = {isa = PBXFileReference; lastKnownFileType = sourcecode.swift; path = SettingsActions.swift; sourceTree = "<group>"; };
		1BF30DDE25D19E9D00DCE62B /* SettingsInterator.swift */ = {isa = PBXFileReference; lastKnownFileType = sourcecode.swift; path = SettingsInterator.swift; sourceTree = "<group>"; };
		1BF30DE125D19F6E00DCE62B /* YesOrNotSettingsView.swift */ = {isa = PBXFileReference; lastKnownFileType = sourcecode.swift; path = YesOrNotSettingsView.swift; sourceTree = "<group>"; };
/* End PBXFileReference section */

/* Begin PBXFrameworksBuildPhase section */
		1B7F666A25D0856300933AD6 /* Frameworks */ = {
			isa = PBXFrameworksBuildPhase;
			buildActionMask = 2147483647;
			files = (
				1B6875A825DB614F006E82D4 /* StoreKit.framework in Frameworks */,
			);
			runOnlyForDeploymentPostprocessing = 0;
		};
/* End PBXFrameworksBuildPhase section */

/* Begin PBXGroup section */
		1B6875A625DB614F006E82D4 /* Frameworks */ = {
			isa = PBXGroup;
			children = (
				1B6875A725DB614F006E82D4 /* StoreKit.framework */,
			);
			name = Frameworks;
			sourceTree = "<group>";
		};
		1B6875A925DB6200006E82D4 /* Purchases */ = {
			isa = PBXGroup;
			children = (
				1B6875AA25DB620C006E82D4 /* StoreManager.swift */,
			);
			path = Purchases;
			sourceTree = "<group>";
		};
		1B7F666425D0856300933AD6 = {
			isa = PBXGroup;
			children = (
				1B7F666F25D0856300933AD6 /* Random */,
				1B7F666E25D0856300933AD6 /* Products */,
				1B6875A625DB614F006E82D4 /* Frameworks */,
			);
			sourceTree = "<group>";
		};
		1B7F666E25D0856300933AD6 /* Products */ = {
			isa = PBXGroup;
			children = (
				1B7F666D25D0856300933AD6 /* Random Pro.app */,
			);
			name = Products;
			sourceTree = "<group>";
		};
		1B7F666F25D0856300933AD6 /* Random */ = {
			isa = PBXGroup;
			children = (
				1B7F668A25D0866700933AD6 /* Injected */,
				1B7F668B25D0867700933AD6 /* Interactors */,
				1B7F668C25D0868400933AD6 /* Models */,
				1B7F668D25D0869700933AD6 /* Persistence */,
				1B7F668E25D086A300933AD6 /* Repositories */,
				1B7F668F25D086AD00933AD6 /* Resources */,
				1B7F669025D086BC00933AD6 /* System */,
				1B7F669125D086C800933AD6 /* UI */,
				1B7F669525D0870E00933AD6 /* Utilities */,
			);
			path = Random;
			sourceTree = "<group>";
		};
		1B7F668A25D0866700933AD6 /* Injected */ = {
			isa = PBXGroup;
			children = (
				1B7F669825D0876F00933AD6 /* AppState.swift */,
				1B7F66BF25D08AD500933AD6 /* InteractorsContainer.swift */,
				1B7F66C225D08AF000933AD6 /* DependencyInjector.swift */,
				1B7F669B25D0881300933AD6 /* Main.swift */,
				1BF30DD625D19E2500DCE62B /* Settings.swift */,
				1B7F669E25D0883C00933AD6 /* NumberRandom.swift */,
				1B9202FC25D16D760094D2BE /* YesOrNo.swift */,
				1B92030D25D170640094D2BE /* Characters.swift */,
				1B7F66A125D0884F00933AD6 /* ListWords.swift */,
				1B92032F25D17D5B0094D2BE /* Coin.swift */,
				1B92034525D1888B0094D2BE /* Cube.swift */,
				1BD1F90F25D7324000A1C7A4 /* DateAndTime.swift */,
				1BD1F91F25D7338700A1C7A4 /* Lottery.swift */,
				1BF22F2225D8857A00775368 /* Team.swift */,
			);
			path = Injected;
			sourceTree = "<group>";
		};
		1B7F668B25D0867700933AD6 /* Interactors */ = {
			isa = PBXGroup;
			children = (
				1B7F66A425D0889100933AD6 /* AppActions.swift */,
				1B7F66A725D0890C00933AD6 /* MainActions */,
				1BF30DD925D19E4200DCE62B /* SettingsActions */,
				1B7F66AC25D0896400933AD6 /* NumberActions */,
				1B92030025D16DD60094D2BE /* YesOrNoActions */,
				1B92031125D1708B0094D2BE /* CharactersActions */,
				1B7F66B125D0899A00933AD6 /* ListWordsActions */,
				1B92033225D17D870094D2BE /* CoinActions */,
				1B92034925D188B70094D2BE /* CubeActions */,
				1BD1F91225D7327100A1C7A4 /* DateAndTimeActions */,
				1BD1F92225D7339B00A1C7A4 /* LotteryActions */,
				1BF22F2525D885A600775368 /* TeamActions */,
			);
			path = Interactors;
			sourceTree = "<group>";
		};
		1B7F668C25D0868400933AD6 /* Models */ = {
			isa = PBXGroup;
			children = (
				1BF22F3125D88F3C00775368 /* Player.swift */,
			);
			path = Models;
			sourceTree = "<group>";
		};
		1B7F668D25D0869700933AD6 /* Persistence */ = {
			isa = PBXGroup;
			children = (
			);
			path = Persistence;
			sourceTree = "<group>";
		};
		1B7F668E25D086A300933AD6 /* Repositories */ = {
			isa = PBXGroup;
			children = (
			);
			path = Repositories;
			sourceTree = "<group>";
		};
		1B7F668F25D086AD00933AD6 /* Resources */ = {
			isa = PBXGroup;
			children = (
				1B7F66C925D08BF600933AD6 /* Fonts */,
				1B7F667925D0856300933AD6 /* Assets.xcassets */,
			);
			path = Resources;
			sourceTree = "<group>";
		};
		1B7F669025D086BC00933AD6 /* System */ = {
			isa = PBXGroup;
			children = (
				1B7F667025D0856300933AD6 /* AppDelegate.swift */,
				1B7F667225D0856300933AD6 /* SceneDelegate.swift */,
				1B7F667E25D0856300933AD6 /* Info.plist */,
				1B325C1525D2CFDF00382F33 /* Localizable.strings */,
			);
			path = System;
			sourceTree = "<group>";
		};
		1B7F669125D086C800933AD6 /* UI */ = {
			isa = PBXGroup;
			children = (
				1B7F669225D086D500933AD6 /* Components */,
				1B7F669325D086DE00933AD6 /* Screens */,
				1B7F669425D086EA00933AD6 /* Storyboards */,
			);
			path = UI;
			sourceTree = "<group>";
		};
		1B7F669225D086D500933AD6 /* Components */ = {
			isa = PBXGroup;
			children = (
				1BF30DD025D196BB00DCE62B /* CellCube */,
				1B7F66DA25D08CE200933AD6 /* ProgressBarView.swift */,
				1B7F66FE25D0937100933AD6 /* CellMainView.swift */,
				1BEC8EB025D0A9F900FE3A3F /* ButtonView.swift */,
				1BEC8EB325D0AB9300FE3A3F /* CellNumberView.swift */,
				1BF22F2D25D88F1A00775368 /* PlayerView.swift */,
				1BF22F4725D8DBC400775368 /* PlayerPlugView.swift */,
				1BF22F3725D89E4000775368 /* AddPlayerSheet.swift */,
				1BF22F3A25D8AD2600775368 /* ScrollTeamPlayers.swift */,
			);
			path = Components;
			sourceTree = "<group>";
		};
		1B7F669325D086DE00933AD6 /* Screens */ = {
			isa = PBXGroup;
			children = (
				1B7F668725D0860600933AD6 /* PageView.swift */,
				1B7F670525D09A9B00933AD6 /* TabBarView.swift */,
				1B7F66FB25D0930600933AD6 /* MainView.swift */,
				1BF30DD225D19B1600DCE62B /* SettingsView.swift */,
				1B6875A325DB307C006E82D4 /* PurchasesView.swift */,
				1B7F670825D0A25A00933AD6 /* Number */,
				1B9202F725D16CD10094D2BE /* YesOrNot */,
				1B92030825D170180094D2BE /* Characters */,
				1B92031E25D1773C0094D2BE /* ListWords */,
				1B92032A25D17AE90094D2BE /* Coin */,
				1B92033F25D188360094D2BE /* Cube */,
				1BD1F90A25D7310F00A1C7A4 /* Date and time */,
				1BD1F91A25D7335A00A1C7A4 /* Lottery */,
				1BF22F1D25D8853700775368 /* Team */,
			);
			path = Screens;
			sourceTree = "<group>";
		};
		1B7F669425D086EA00933AD6 /* Storyboards */ = {
			isa = PBXGroup;
			children = (
				1B325C0D25D2CF8D00382F33 /* LaunchScreen.storyboard */,
			);
			path = Storyboards;
			sourceTree = "<group>";
		};
		1B7F669525D0870E00933AD6 /* Utilities */ = {
			isa = PBXGroup;
			children = (
				1B6875A925DB6200006E82D4 /* Purchases */,
				1B7F66F625D08E2A00933AD6 /* UIKit */,
				1B7F66D925D08CBB00933AD6 /* Extensions */,
				1B7F66C625D08B1700933AD6 /* Store.swift */,
				1B7F66DE25D08D1300933AD6 /* Size.swift */,
				1B325C0525D2C9CA00382F33 /* Feedback.swift */,
				1B7F66E125D08D3100933AD6 /* RoundedColorEdge.swift */,
			);
			path = Utilities;
			sourceTree = "<group>";
		};
		1B7F66A725D0890C00933AD6 /* MainActions */ = {
			isa = PBXGroup;
			children = (
				1B7F66A825D0892900933AD6 /* MainActions.swift */,
				1B7F66B625D089F600933AD6 /* MainInteractor.swift */,
			);
			path = MainActions;
			sourceTree = "<group>";
		};
		1B7F66AC25D0896400933AD6 /* NumberActions */ = {
			isa = PBXGroup;
			children = (
				1B7F66AD25D0898000933AD6 /* NumberActions.swift */,
				1B7F66B925D08A4600933AD6 /* NumberInteractor.swift */,
			);
			path = NumberActions;
			sourceTree = "<group>";
		};
		1B7F66B125D0899A00933AD6 /* ListWordsActions */ = {
			isa = PBXGroup;
			children = (
				1B7F66B225D089AF00933AD6 /* ListWordsActions.swift */,
				1B7F66BC25D08A7100933AD6 /* ListWordsInteractor.swift */,
			);
			path = ListWordsActions;
			sourceTree = "<group>";
		};
		1B7F66C925D08BF600933AD6 /* Fonts */ = {
			isa = PBXGroup;
			children = (
				1B7F66D025D08C1000933AD6 /* Roboto-Black.ttf */,
				1B7F66CB25D08C1000933AD6 /* Roboto-Bold.ttf */,
				1B7F66CF25D08C1000933AD6 /* Roboto-Light.ttf */,
				1B7F66CA25D08C1000933AD6 /* Roboto-Medium.ttf */,
				1B7F66CC25D08C1000933AD6 /* Roboto-Regular.ttf */,
				1B7F66CD25D08C1000933AD6 /* Roboto-Thin.ttf */,
				1B7F66CE25D08C1000933AD6 /* SFProDisplay-Medium.ttf */,
			);
			path = Fonts;
			sourceTree = "<group>";
		};
		1B7F66D925D08CBB00933AD6 /* Extensions */ = {
			isa = PBXGroup;
			children = (
				1B7F66E425D08D5A00933AD6 /* Font.swift */,
				1B7F66E725D08D7E00933AD6 /* UIScreen.swift */,
				1B7F66EA25D08D9100933AD6 /* KeyboardListener.swift */,
				1B7F66ED25D08DA600933AD6 /* KeyboardAware.swift */,
				1B7F66F025D08DC100933AD6 /* ColorExtensions.swift */,
				1B7F66F325D08DE800933AD6 /* StringProtocol.swift */,
			);
			path = Extensions;
			sourceTree = "<group>";
		};
		1B7F66F625D08E2A00933AD6 /* UIKit */ = {
			isa = PBXGroup;
			children = (
				1B7F66F725D08E3300933AD6 /* TextFieldUIKit.swift */,
				1B7B3C3925D3F0A1002ED8CD /* MbModalHackView.swift */,
				1BD1F90325D7250D00A1C7A4 /* MailView.swift */,
				1BD1F90725D72B2500A1C7A4 /* UIViewController.swift */,
			);
			path = UIKit;
			sourceTree = "<group>";
		};
		1B7F670825D0A25A00933AD6 /* Number */ = {
			isa = PBXGroup;
			children = (
				1B7F670A25D0A27D00933AD6 /* NumberView.swift */,
				1BEC8EB625D0B2A700FE3A3F /* NumberSettingsView.swift */,
				1B3D19EE25D1BB3D0027A83B /* NumberResultsView.swift */,
			);
			path = Number;
			sourceTree = "<group>";
		};
		1B9202F725D16CD10094D2BE /* YesOrNot */ = {
			isa = PBXGroup;
			children = (
				1B9202F825D16CE90094D2BE /* YesOrNotView.swift */,
				1BF30DE125D19F6E00DCE62B /* YesOrNotSettingsView.swift */,
				1B3D19FB25D21C8D0027A83B /* YesOrNotResultsView.swift */,
			);
			path = YesOrNot;
			sourceTree = "<group>";
		};
		1B92030025D16DD60094D2BE /* YesOrNoActions */ = {
			isa = PBXGroup;
			children = (
				1B92030125D16DF20094D2BE /* YesOrNoActions.swift */,
				1B92030525D16E1D0094D2BE /* YesOrNoInteractor.swift */,
			);
			path = YesOrNoActions;
			sourceTree = "<group>";
		};
		1B92030825D170180094D2BE /* Characters */ = {
			isa = PBXGroup;
			children = (
				1B92030925D1703E0094D2BE /* CharactersView.swift */,
				1B92031B25D1755B0094D2BE /* CharactersSettingsView.swift */,
				1B3D19FE25D21DBB0027A83B /* CharactersResultsView.swift */,
			);
			path = Characters;
			sourceTree = "<group>";
		};
		1B92031125D1708B0094D2BE /* CharactersActions */ = {
			isa = PBXGroup;
			children = (
				1B92031225D170D50094D2BE /* CharactersActions.swift */,
				1B92031625D170F50094D2BE /* CharactersInteractor.swift */,
			);
			path = CharactersActions;
			sourceTree = "<group>";
		};
		1B92031E25D1773C0094D2BE /* ListWords */ = {
			isa = PBXGroup;
			children = (
				1B92031F25D177510094D2BE /* ListWordsView.swift */,
				1B92032625D179330094D2BE /* ListWordsSettingsView.swift */,
				1B3D19F425D1EAE00027A83B /* CustomListWordsView.swift */,
				1B7B3C3C25D3F410002ED8CD /* ListWordsResultsView.swift */,
			);
			path = ListWords;
			sourceTree = "<group>";
		};
		1B92032A25D17AE90094D2BE /* Coin */ = {
			isa = PBXGroup;
			children = (
				1B92032B25D17D3A0094D2BE /* CoinView.swift */,
				1B92033C25D17EDE0094D2BE /* CoinSettingsView.swift */,
				1B3D1A0125D21E920027A83B /* CoinResultsView.swift */,
			);
			path = Coin;
			sourceTree = "<group>";
		};
		1B92033225D17D870094D2BE /* CoinActions */ = {
			isa = PBXGroup;
			children = (
				1B92033325D17DAC0094D2BE /* CoinActions.swift */,
				1B92033725D17DCD0094D2BE /* CoinInteractor.swift */,
			);
			path = CoinActions;
			sourceTree = "<group>";
		};
		1B92033F25D188360094D2BE /* Cube */ = {
			isa = PBXGroup;
			children = (
				1B92034025D1885C0094D2BE /* CubeView.swift */,
				1B92035225D189890094D2BE /* CubeSettingsView.swift */,
				1B3D1A0425D21F2D0027A83B /* CubeResultsView.swift */,
			);
			path = Cube;
			sourceTree = "<group>";
		};
		1B92034925D188B70094D2BE /* CubeActions */ = {
			isa = PBXGroup;
			children = (
				1B92034A25D188BE0094D2BE /* CubeActions.swift */,
				1B92034E25D188DC0094D2BE /* CubeInterator.swift */,
			);
			path = CubeActions;
			sourceTree = "<group>";
		};
		1BD1F90A25D7310F00A1C7A4 /* Date and time */ = {
			isa = PBXGroup;
			children = (
				1BD1F90B25D7313000A1C7A4 /* DateAndTimeView.swift */,
				1BA1D0B125D740D400C3FC91 /* DateAndTimeSettingsView.swift */,
				1BA1D0B425D7423900C3FC91 /* DateAndTimeResultsView.swift */,
			);
			path = "Date and time";
			sourceTree = "<group>";
		};
		1BD1F91225D7327100A1C7A4 /* DateAndTimeActions */ = {
			isa = PBXGroup;
			children = (
				1BD1F91325D7328A00A1C7A4 /* DateAndTimeActions.swift */,
				1BD1F91725D732E900A1C7A4 /* DateAndTimeInteractor.swift */,
				1BA1D0AD25D73CF300C3FC91 /* DayDateAndTimeInteractor.swift */,
				1B10087D25D7EA420005A2D7 /* MonthDateAndTimeInteractor.swift */,
				1B10088025D7EFCB0005A2D7 /* TimeDateAndTimeInteractor.swift */,
			);
			path = DateAndTimeActions;
			sourceTree = "<group>";
		};
		1BD1F91A25D7335A00A1C7A4 /* Lottery */ = {
			isa = PBXGroup;
			children = (
				1BD1F91B25D7336D00A1C7A4 /* LotteryView.swift */,
				1B10088A25D808180005A2D7 /* LotterySettingsView.swift */,
				1B10088D25D808C40005A2D7 /* LotteryResultsView.swift */,
			);
			path = Lottery;
			sourceTree = "<group>";
		};
		1BD1F92225D7339B00A1C7A4 /* LotteryActions */ = {
			isa = PBXGroup;
			children = (
				1BD1F92325D733AB00A1C7A4 /* LotteryActions.swift */,
				1BD1F92725D733E900A1C7A4 /* LotteryInteractor.swift */,
			);
			path = LotteryActions;
			sourceTree = "<group>";
		};
		1BF22F1D25D8853700775368 /* Team */ = {
			isa = PBXGroup;
			children = (
				1BF22F1E25D8856000775368 /* TeamView.swift */,
				1BF22F3D25D8B21A00775368 /* TeamSettingsView.swift */,
				1BF22F4125D8B23F00775368 /* TeamResultsView.swift */,
				1BF22F4425D8D49E00775368 /* TeamCustomListView.swift */,
			);
			path = Team;
			sourceTree = "<group>";
		};
		1BF22F2525D885A600775368 /* TeamActions */ = {
			isa = PBXGroup;
			children = (
				1BF22F2625D885C100775368 /* TeamActions.swift */,
				1BF22F2A25D8860000775368 /* TeamInteractor.swift */,
			);
			path = TeamActions;
			sourceTree = "<group>";
		};
		1BF30DD025D196BB00DCE62B /* CellCube */ = {
			isa = PBXGroup;
			children = (
				1B3D19F725D20DA90027A83B /* BoxCellCubeOneView.swift */,
				1B92035525D18EF10094D2BE /* CellCubeOneView.swift */,
				1BF30DC125D194A300DCE62B /* CellCubeTwoView.swift */,
				1BF30DC425D195A900DCE62B /* CellCubeThreeView.swift */,
				1BF30DC725D195EC00DCE62B /* CellCubeFourView.swift */,
				1BF30DCA25D1963400DCE62B /* CellCubeFiveView.swift */,
				1BF30DCD25D1967A00DCE62B /* CellCubeSixView.swift */,
			);
			path = CellCube;
			sourceTree = "<group>";
		};
		1BF30DD925D19E4200DCE62B /* SettingsActions */ = {
			isa = PBXGroup;
			children = (
				1BF30DDA25D19E5400DCE62B /* SettingsActions.swift */,
				1BF30DDE25D19E9D00DCE62B /* SettingsInterator.swift */,
			);
			path = SettingsActions;
			sourceTree = "<group>";
		};
/* End PBXGroup section */

/* Begin PBXNativeTarget section */
		1B7F666C25D0856300933AD6 /* Random Pro */ = {
			isa = PBXNativeTarget;
			buildConfigurationList = 1B7F668125D0856300933AD6 /* Build configuration list for PBXNativeTarget "Random Pro" */;
			buildPhases = (
				1B7F666925D0856300933AD6 /* Sources */,
				1B7F666A25D0856300933AD6 /* Frameworks */,
				1B7F666B25D0856300933AD6 /* Resources */,
			);
			buildRules = (
			);
			dependencies = (
			);
			name = "Random Pro";
			productName = Random;
			productReference = 1B7F666D25D0856300933AD6 /* Random Pro.app */;
			productType = "com.apple.product-type.application";
		};
/* End PBXNativeTarget section */

/* Begin PBXProject section */
		1B7F666525D0856300933AD6 /* Project object */ = {
			isa = PBXProject;
			attributes = {
				LastSwiftUpdateCheck = 1240;
				LastUpgradeCheck = 1240;
				ORGANIZATIONNAME = Sosin.bet;
				TargetAttributes = {
					1B7F666C25D0856300933AD6 = {
						CreatedOnToolsVersion = 12.4;
					};
				};
			};
			buildConfigurationList = 1B7F666825D0856300933AD6 /* Build configuration list for PBXProject "Random Pro" */;
			compatibilityVersion = "Xcode 9.3";
			developmentRegion = en;
			hasScannedForEncodings = 0;
			knownRegions = (
				en,
				ru,
			);
			mainGroup = 1B7F666425D0856300933AD6;
			productRefGroup = 1B7F666E25D0856300933AD6 /* Products */;
			projectDirPath = "";
			projectRoot = "";
			targets = (
				1B7F666C25D0856300933AD6 /* Random Pro */,
			);
		};
/* End PBXProject section */

/* Begin PBXResourcesBuildPhase section */
		1B7F666B25D0856300933AD6 /* Resources */ = {
			isa = PBXResourcesBuildPhase;
			buildActionMask = 2147483647;
			files = (
				1B325C0E25D2CF8D00382F33 /* LaunchScreen.storyboard in Resources */,
				1B7F66D525D08C1000933AD6 /* SFProDisplay-Medium.ttf in Resources */,
				1B7F667A25D0856300933AD6 /* Assets.xcassets in Resources */,
				1B7F66D425D08C1000933AD6 /* Roboto-Thin.ttf in Resources */,
				1B7F66D325D08C1000933AD6 /* Roboto-Regular.ttf in Resources */,
				1B325C1325D2CFDF00382F33 /* Localizable.strings in Resources */,
				1B7F66D725D08C1000933AD6 /* Roboto-Black.ttf in Resources */,
				1B7F66D225D08C1000933AD6 /* Roboto-Bold.ttf in Resources */,
				1B7F66D625D08C1000933AD6 /* Roboto-Light.ttf in Resources */,
				1B7F66D125D08C1000933AD6 /* Roboto-Medium.ttf in Resources */,
			);
			runOnlyForDeploymentPostprocessing = 0;
		};
/* End PBXResourcesBuildPhase section */

/* Begin PBXSourcesBuildPhase section */
		1B7F666925D0856300933AD6 /* Sources */ = {
			isa = PBXSourcesBuildPhase;
			buildActionMask = 2147483647;
			files = (
				1B7F66C325D08AF000933AD6 /* DependencyInjector.swift in Sources */,
				1B7F66FC25D0930600933AD6 /* MainView.swift in Sources */,
				1B92030225D16DF20094D2BE /* YesOrNoActions.swift in Sources */,
				1B92035325D189890094D2BE /* CubeSettingsView.swift in Sources */,
				1BF22F2725D885C100775368 /* TeamActions.swift in Sources */,
				1BEC8EB125D0A9F900FE3A3F /* ButtonView.swift in Sources */,
				1B7F66F125D08DC100933AD6 /* ColorExtensions.swift in Sources */,
				1BD1F92825D733E900A1C7A4 /* LotteryInteractor.swift in Sources */,
				1B7F66DB25D08CE200933AD6 /* ProgressBarView.swift in Sources */,
				1B92033425D17DAC0094D2BE /* CoinActions.swift in Sources */,
				1BF22F1F25D8856000775368 /* TeamView.swift in Sources */,
				1B9202F925D16CE90094D2BE /* YesOrNotView.swift in Sources */,
				1B7F66E525D08D5A00933AD6 /* Font.swift in Sources */,
				1B92030A25D1703E0094D2BE /* CharactersView.swift in Sources */,
				1B92032C25D17D3A0094D2BE /* CoinView.swift in Sources */,
				1BA1D0AE25D73CF300C3FC91 /* DayDateAndTimeInteractor.swift in Sources */,
				1B92034F25D188DC0094D2BE /* CubeInterator.swift in Sources */,
				1B9202FD25D16D760094D2BE /* YesOrNo.swift in Sources */,
				1B7F66A225D0884F00933AD6 /* ListWords.swift in Sources */,
				1B7F669C25D0881300933AD6 /* Main.swift in Sources */,
				1B6875AB25DB620C006E82D4 /* StoreManager.swift in Sources */,
				1BD1F91C25D7336D00A1C7A4 /* LotteryView.swift in Sources */,
				1BF30DC825D195EC00DCE62B /* CellCubeFourView.swift in Sources */,
				1B7F667125D0856300933AD6 /* AppDelegate.swift in Sources */,
				1BF30DDB25D19E5400DCE62B /* SettingsActions.swift in Sources */,
				1B3D1A0225D21E920027A83B /* CoinResultsView.swift in Sources */,
				1BD1F90825D72B2500A1C7A4 /* UIViewController.swift in Sources */,
				1B7F66BD25D08A7100933AD6 /* ListWordsInteractor.swift in Sources */,
				1B7F668825D0860600933AD6 /* PageView.swift in Sources */,
				1B7B3C3A25D3F0A1002ED8CD /* MbModalHackView.swift in Sources */,
				1B7F670B25D0A27D00933AD6 /* NumberView.swift in Sources */,
				1BA1D0B225D740D400C3FC91 /* DateAndTimeSettingsView.swift in Sources */,
				1BF30DE225D19F6E00DCE62B /* YesOrNotSettingsView.swift in Sources */,
				1BF22F2E25D88F1A00775368 /* PlayerView.swift in Sources */,
				1B7F66AE25D0898000933AD6 /* NumberActions.swift in Sources */,
				1BD1F90425D7250E00A1C7A4 /* MailView.swift in Sources */,
				1B92033025D17D5B0094D2BE /* Coin.swift in Sources */,
				1BD1F92425D733AB00A1C7A4 /* LotteryActions.swift in Sources */,
				1B92034625D1888B0094D2BE /* Cube.swift in Sources */,
				1BD1F92025D7338700A1C7A4 /* Lottery.swift in Sources */,
				1BD1F90C25D7313000A1C7A4 /* DateAndTimeView.swift in Sources */,
				1B7F66C025D08AD500933AD6 /* InteractorsContainer.swift in Sources */,
				1B7F66EB25D08D9100933AD6 /* KeyboardListener.swift in Sources */,
				1BD1F91825D732E900A1C7A4 /* DateAndTimeInteractor.swift in Sources */,
				1BF30DCE25D1967A00DCE62B /* CellCubeSixView.swift in Sources */,
				1BF22F4525D8D49E00775368 /* TeamCustomListView.swift in Sources */,
				1B92032725D179330094D2BE /* ListWordsSettingsView.swift in Sources */,
				1B92030E25D170640094D2BE /* Characters.swift in Sources */,
				1B3D19F525D1EAE00027A83B /* CustomListWordsView.swift in Sources */,
				1BF30DD325D19B1600DCE62B /* SettingsView.swift in Sources */,
				1B10088125D7EFCB0005A2D7 /* TimeDateAndTimeInteractor.swift in Sources */,
				1B7F667325D0856300933AD6 /* SceneDelegate.swift in Sources */,
				1B3D19F825D20DA90027A83B /* BoxCellCubeOneView.swift in Sources */,
				1B7F66E225D08D3100933AD6 /* RoundedColorEdge.swift in Sources */,
				1B92034125D1885C0094D2BE /* CubeView.swift in Sources */,
				1BF30DC225D194A300DCE62B /* CellCubeTwoView.swift in Sources */,
				1B92030625D16E1D0094D2BE /* YesOrNoInteractor.swift in Sources */,
				1B7F66F425D08DE800933AD6 /* StringProtocol.swift in Sources */,
				1BD1F91425D7328A00A1C7A4 /* DateAndTimeActions.swift in Sources */,
				1BF22F4825D8DBC400775368 /* PlayerPlugView.swift in Sources */,
				1B7F66DF25D08D1300933AD6 /* Size.swift in Sources */,
				1BF22F3825D89E4000775368 /* AddPlayerSheet.swift in Sources */,
				1B92034B25D188BE0094D2BE /* CubeActions.swift in Sources */,
				1B7F66FF25D0937100933AD6 /* CellMainView.swift in Sources */,
				1B7F66A525D0889100933AD6 /* AppActions.swift in Sources */,
				1B92033825D17DCD0094D2BE /* CoinInteractor.swift in Sources */,
				1BF30DDF25D19E9D00DCE62B /* SettingsInterator.swift in Sources */,
				1B7F66EE25D08DA600933AD6 /* KeyboardAware.swift in Sources */,
				1B10087E25D7EA420005A2D7 /* MonthDateAndTimeInteractor.swift in Sources */,
				1B92031C25D1755B0094D2BE /* CharactersSettingsView.swift in Sources */,
				1BF30DCB25D1963400DCE62B /* CellCubeFiveView.swift in Sources */,
				1BF22F3E25D8B21A00775368 /* TeamSettingsView.swift in Sources */,
				1B92035625D18EF10094D2BE /* CellCubeOneView.swift in Sources */,
				1BF22F2B25D8860000775368 /* TeamInteractor.swift in Sources */,
				1B7F66C725D08B1700933AD6 /* Store.swift in Sources */,
				1B3D19FF25D21DBB0027A83B /* CharactersResultsView.swift in Sources */,
				1B7F669925D0876F00933AD6 /* AppState.swift in Sources */,
				1BA1D0B525D7423900C3FC91 /* DateAndTimeResultsView.swift in Sources */,
				1B10088E25D808C40005A2D7 /* LotteryResultsView.swift in Sources */,
				1B92031325D170D50094D2BE /* CharactersActions.swift in Sources */,
				1B7F66F825D08E3300933AD6 /* TextFieldUIKit.swift in Sources */,
				1B10088B25D808180005A2D7 /* LotterySettingsView.swift in Sources */,
				1BD1F91025D7324000A1C7A4 /* DateAndTime.swift in Sources */,
				1BF22F4225D8B23F00775368 /* TeamResultsView.swift in Sources */,
				1B3D19FC25D21C8D0027A83B /* YesOrNotResultsView.swift in Sources */,
				1B3D19EF25D1BB3D0027A83B /* NumberResultsView.swift in Sources */,
				1B3D1A0525D21F2D0027A83B /* CubeResultsView.swift in Sources */,
				1BF22F2325D8857A00775368 /* Team.swift in Sources */,
				1B92031725D170F50094D2BE /* CharactersInteractor.swift in Sources */,
				1BF30DC525D195A900DCE62B /* CellCubeThreeView.swift in Sources */,
				1B325C0625D2C9CA00382F33 /* Feedback.swift in Sources */,
				1B7F66A925D0892900933AD6 /* MainActions.swift in Sources */,
				1B6875A425DB307C006E82D4 /* PurchasesView.swift in Sources */,
				1B92033D25D17EDE0094D2BE /* CoinSettingsView.swift in Sources */,
				1B7F66E825D08D7E00933AD6 /* UIScreen.swift in Sources */,
				1BF22F3225D88F3C00775368 /* Player.swift in Sources */,
				1B7F66BA25D08A4600933AD6 /* NumberInteractor.swift in Sources */,
				1BEC8EB725D0B2A700FE3A3F /* NumberSettingsView.swift in Sources */,
				1B7F669F25D0883C00933AD6 /* NumberRandom.swift in Sources */,
				1BEC8EB425D0AB9300FE3A3F /* CellNumberView.swift in Sources */,
				1B92032025D177510094D2BE /* ListWordsView.swift in Sources */,
				1B7B3C3D25D3F410002ED8CD /* ListWordsResultsView.swift in Sources */,
				1BF22F3B25D8AD2600775368 /* ScrollTeamPlayers.swift in Sources */,
				1B7F66B325D089AF00933AD6 /* ListWordsActions.swift in Sources */,
				1BF30DD725D19E2500DCE62B /* Settings.swift in Sources */,
				1B7F670625D09A9B00933AD6 /* TabBarView.swift in Sources */,
				1B7F66B725D089F600933AD6 /* MainInteractor.swift in Sources */,
			);
			runOnlyForDeploymentPostprocessing = 0;
		};
/* End PBXSourcesBuildPhase section */

/* Begin PBXVariantGroup section */
		1B325C1525D2CFDF00382F33 /* Localizable.strings */ = {
			isa = PBXVariantGroup;
			children = (
				1B325C1725D2CFE300382F33 /* ru */,
				1B325C1925D2D18300382F33 /* en */,
			);
			name = Localizable.strings;
			sourceTree = "<group>";
		};
/* End PBXVariantGroup section */

/* Begin XCBuildConfiguration section */
		1B7F667F25D0856300933AD6 /* Debug */ = {
			isa = XCBuildConfiguration;
			buildSettings = {
				ALWAYS_SEARCH_USER_PATHS = NO;
				CLANG_ANALYZER_LOCALIZABILITY_NONLOCALIZED = YES;
				CLANG_ANALYZER_NONNULL = YES;
				CLANG_ANALYZER_NUMBER_OBJECT_CONVERSION = YES_AGGRESSIVE;
				CLANG_CXX_LANGUAGE_STANDARD = "gnu++14";
				CLANG_CXX_LIBRARY = "libc++";
				CLANG_ENABLE_MODULES = YES;
				CLANG_ENABLE_OBJC_ARC = YES;
				CLANG_ENABLE_OBJC_WEAK = YES;
				CLANG_WARN_BLOCK_CAPTURE_AUTORELEASING = YES;
				CLANG_WARN_BOOL_CONVERSION = YES;
				CLANG_WARN_COMMA = YES;
				CLANG_WARN_CONSTANT_CONVERSION = YES;
				CLANG_WARN_DEPRECATED_OBJC_IMPLEMENTATIONS = YES;
				CLANG_WARN_DIRECT_OBJC_ISA_USAGE = YES_ERROR;
				CLANG_WARN_DOCUMENTATION_COMMENTS = YES;
				CLANG_WARN_EMPTY_BODY = YES;
				CLANG_WARN_ENUM_CONVERSION = YES;
				CLANG_WARN_INFINITE_RECURSION = YES;
				CLANG_WARN_INT_CONVERSION = YES;
				CLANG_WARN_NON_LITERAL_NULL_CONVERSION = YES;
				CLANG_WARN_OBJC_IMPLICIT_RETAIN_SELF = YES;
				CLANG_WARN_OBJC_LITERAL_CONVERSION = YES;
				CLANG_WARN_OBJC_ROOT_CLASS = YES_ERROR;
				CLANG_WARN_QUOTED_INCLUDE_IN_FRAMEWORK_HEADER = YES;
				CLANG_WARN_RANGE_LOOP_ANALYSIS = YES;
				CLANG_WARN_STRICT_PROTOTYPES = YES;
				CLANG_WARN_SUSPICIOUS_MOVE = YES;
				CLANG_WARN_UNGUARDED_AVAILABILITY = YES_AGGRESSIVE;
				CLANG_WARN_UNREACHABLE_CODE = YES;
				CLANG_WARN__DUPLICATE_METHOD_MATCH = YES;
				COPY_PHASE_STRIP = NO;
				DEBUG_INFORMATION_FORMAT = dwarf;
				ENABLE_STRICT_OBJC_MSGSEND = YES;
				ENABLE_TESTABILITY = YES;
				GCC_C_LANGUAGE_STANDARD = gnu11;
				GCC_DYNAMIC_NO_PIC = NO;
				GCC_NO_COMMON_BLOCKS = YES;
				GCC_OPTIMIZATION_LEVEL = 0;
				GCC_PREPROCESSOR_DEFINITIONS = (
					"DEBUG=1",
					"$(inherited)",
				);
				GCC_WARN_64_TO_32_BIT_CONVERSION = YES;
				GCC_WARN_ABOUT_RETURN_TYPE = YES_ERROR;
				GCC_WARN_UNDECLARED_SELECTOR = YES;
				GCC_WARN_UNINITIALIZED_AUTOS = YES_AGGRESSIVE;
				GCC_WARN_UNUSED_FUNCTION = YES;
				GCC_WARN_UNUSED_VARIABLE = YES;
				IPHONEOS_DEPLOYMENT_TARGET = 13.0;
				MTL_ENABLE_DEBUG_INFO = INCLUDE_SOURCE;
				MTL_FAST_MATH = YES;
				ONLY_ACTIVE_ARCH = YES;
				SDKROOT = iphoneos;
				SWIFT_ACTIVE_COMPILATION_CONDITIONS = DEBUG;
				SWIFT_OPTIMIZATION_LEVEL = "-Onone";
			};
			name = Debug;
		};
		1B7F668025D0856300933AD6 /* Release */ = {
			isa = XCBuildConfiguration;
			buildSettings = {
				ALWAYS_SEARCH_USER_PATHS = NO;
				CLANG_ANALYZER_LOCALIZABILITY_NONLOCALIZED = YES;
				CLANG_ANALYZER_NONNULL = YES;
				CLANG_ANALYZER_NUMBER_OBJECT_CONVERSION = YES_AGGRESSIVE;
				CLANG_CXX_LANGUAGE_STANDARD = "gnu++14";
				CLANG_CXX_LIBRARY = "libc++";
				CLANG_ENABLE_MODULES = YES;
				CLANG_ENABLE_OBJC_ARC = YES;
				CLANG_ENABLE_OBJC_WEAK = YES;
				CLANG_WARN_BLOCK_CAPTURE_AUTORELEASING = YES;
				CLANG_WARN_BOOL_CONVERSION = YES;
				CLANG_WARN_COMMA = YES;
				CLANG_WARN_CONSTANT_CONVERSION = YES;
				CLANG_WARN_DEPRECATED_OBJC_IMPLEMENTATIONS = YES;
				CLANG_WARN_DIRECT_OBJC_ISA_USAGE = YES_ERROR;
				CLANG_WARN_DOCUMENTATION_COMMENTS = YES;
				CLANG_WARN_EMPTY_BODY = YES;
				CLANG_WARN_ENUM_CONVERSION = YES;
				CLANG_WARN_INFINITE_RECURSION = YES;
				CLANG_WARN_INT_CONVERSION = YES;
				CLANG_WARN_NON_LITERAL_NULL_CONVERSION = YES;
				CLANG_WARN_OBJC_IMPLICIT_RETAIN_SELF = YES;
				CLANG_WARN_OBJC_LITERAL_CONVERSION = YES;
				CLANG_WARN_OBJC_ROOT_CLASS = YES_ERROR;
				CLANG_WARN_QUOTED_INCLUDE_IN_FRAMEWORK_HEADER = YES;
				CLANG_WARN_RANGE_LOOP_ANALYSIS = YES;
				CLANG_WARN_STRICT_PROTOTYPES = YES;
				CLANG_WARN_SUSPICIOUS_MOVE = YES;
				CLANG_WARN_UNGUARDED_AVAILABILITY = YES_AGGRESSIVE;
				CLANG_WARN_UNREACHABLE_CODE = YES;
				CLANG_WARN__DUPLICATE_METHOD_MATCH = YES;
				COPY_PHASE_STRIP = NO;
				DEBUG_INFORMATION_FORMAT = "dwarf-with-dsym";
				ENABLE_NS_ASSERTIONS = NO;
				ENABLE_STRICT_OBJC_MSGSEND = YES;
				GCC_C_LANGUAGE_STANDARD = gnu11;
				GCC_NO_COMMON_BLOCKS = YES;
				GCC_WARN_64_TO_32_BIT_CONVERSION = YES;
				GCC_WARN_ABOUT_RETURN_TYPE = YES_ERROR;
				GCC_WARN_UNDECLARED_SELECTOR = YES;
				GCC_WARN_UNINITIALIZED_AUTOS = YES_AGGRESSIVE;
				GCC_WARN_UNUSED_FUNCTION = YES;
				GCC_WARN_UNUSED_VARIABLE = YES;
				IPHONEOS_DEPLOYMENT_TARGET = 13.0;
				MTL_ENABLE_DEBUG_INFO = NO;
				MTL_FAST_MATH = YES;
				SDKROOT = iphoneos;
				SWIFT_COMPILATION_MODE = wholemodule;
				SWIFT_OPTIMIZATION_LEVEL = "-O";
				VALIDATE_PRODUCT = YES;
			};
			name = Release;
		};
		1B7F668225D0856300933AD6 /* Debug */ = {
			isa = XCBuildConfiguration;
			buildSettings = {
				ASSETCATALOG_COMPILER_APPICON_NAME = AppIcon;
				ASSETCATALOG_COMPILER_GLOBAL_ACCENT_COLOR_NAME = AccentColor;
				CODE_SIGN_STYLE = Automatic;
				CURRENT_PROJECT_VERSION = 11;
				DEVELOPMENT_TEAM = 34VDSPZYU9;
				INFOPLIST_FILE = "$(SRCROOT)/Random/System/Info.plist";
				IPHONEOS_DEPLOYMENT_TARGET = 13.0;
				LD_RUNPATH_SEARCH_PATHS = (
					"$(inherited)",
					"@executable_path/Frameworks",
				);
				MARKETING_VERSION = 1.1.1;
				PRODUCT_BUNDLE_IDENTIFIER = com.sosinvitalii.Random;
				PRODUCT_NAME = "$(TARGET_NAME)";
				SWIFT_VERSION = 5.0;
				TARGETED_DEVICE_FAMILY = 1;
			};
			name = Debug;
		};
		1B7F668325D0856300933AD6 /* Release */ = {
			isa = XCBuildConfiguration;
			buildSettings = {
				ASSETCATALOG_COMPILER_APPICON_NAME = AppIcon;
				ASSETCATALOG_COMPILER_GLOBAL_ACCENT_COLOR_NAME = AccentColor;
				CODE_SIGN_STYLE = Automatic;
				CURRENT_PROJECT_VERSION = 11;
				DEVELOPMENT_TEAM = 34VDSPZYU9;
				INFOPLIST_FILE = "$(SRCROOT)/Random/System/Info.plist";
				IPHONEOS_DEPLOYMENT_TARGET = 13.0;
				LD_RUNPATH_SEARCH_PATHS = (
					"$(inherited)",
					"@executable_path/Frameworks",
				);
				MARKETING_VERSION = 1.1.1;
				PRODUCT_BUNDLE_IDENTIFIER = com.sosinvitalii.Random;
				PRODUCT_NAME = "$(TARGET_NAME)";
				SWIFT_VERSION = 5.0;
				TARGETED_DEVICE_FAMILY = 1;
			};
			name = Release;
		};
/* End XCBuildConfiguration section */

/* Begin XCConfigurationList section */
		1B7F666825D0856300933AD6 /* Build configuration list for PBXProject "Random Pro" */ = {
			isa = XCConfigurationList;
			buildConfigurations = (
				1B7F667F25D0856300933AD6 /* Debug */,
				1B7F668025D0856300933AD6 /* Release */,
			);
			defaultConfigurationIsVisible = 0;
			defaultConfigurationName = Release;
		};
		1B7F668125D0856300933AD6 /* Build configuration list for PBXNativeTarget "Random Pro" */ = {
			isa = XCConfigurationList;
			buildConfigurations = (
				1B7F668225D0856300933AD6 /* Debug */,
				1B7F668325D0856300933AD6 /* Release */,
			);
			defaultConfigurationIsVisible = 0;
			defaultConfigurationName = Release;
		};
/* End XCConfigurationList section */
	};
	rootObject = 1B7F666525D0856300933AD6 /* Project object */;
}
