{
  "pins" : [
    {
      "identity" : "metrica-push-sdk-ios",
      "kind" : "remoteSourceControl",
      "location" : "https://github.com/yandexmobile/metrica-push-sdk-ios",
      "state" : {
        "revision" : "37012eb6d43ad7d9fc32801855f0eb62a53deec7",
        "version" : "1.3.0"
      }
    },
    {
      "identity" : "metrica-sdk-ios",
      "kind" : "remoteSourceControl",
      "location" : "https://github.com/yandexmobile/metrica-sdk-ios",
      "state" : {
        "revision" : "615187c0402709da9e1e3ac5dbbbb70efed3b283",
        "version" : "4.4.0"
      }
    },
    {
      "identity" : "notifications",
      "kind" : "remoteSourceControl",
      "location" : "https://github.com/V1taS/Notifications",
      "state" : {
        "branch" : "master",
        "revision" : "f83fc41da3a9c1e8d84a85d9613b95fce15b9a01"
      }
    },
    {
      "identity" : "randomnetwork",
      "kind" : "remoteSourceControl",
      "location" : "https://github.com/V1taS/RandomNetwork.git",
      "state" : {
        "branch" : "master",
        "revision" : "a637eb817d38a11e5c882e7cc91bcef14d9339a7"
      }
    },
    {
      "identity" : "randomuikit",
      "kind" : "remoteSourceControl",
      "location" : "https://github.com/V1taS/RandomUIKit.git",
      "state" : {
        "branch" : "master",
        "revision" : "57499b022fbdbe218a0d9fa66d502ec0a7349b3a"
      }
    }
  ],
  "version" : 2
}
