{
  "pins" : [
    {
      "identity" : "metrica-push-sdk-ios",
      "kind" : "remoteSourceControl",
      "location" : "https://github.com/yandexmobile/metrica-push-sdk-ios",
      "state" : {
        "revision" : "37012eb6d43ad7d9fc32801855f0eb62a53deec7",
        "version" : "1.3.0"
      }
    },
    {
      "identity" : "metrica-sdk-ios",
      "kind" : "remoteSourceControl",
      "location" : "https://github.com/yandexmobile/metrica-sdk-ios",
      "state" : {
        "revision" : "615187c0402709da9e1e3ac5dbbbb70efed3b283",
        "version" : "4.4.0"
      }
    },
    {
      "identity" : "notifications",
      "kind" : "remoteSourceControl",
      "location" : "https://github.com/V1taS/Notifications",
      "state" : {
        "branch" : "master",
        "revision" : "c40c9f8ac81a828df2a3d55d88780626f91da237"
      }
    },
    {
      "identity" : "randomnetwork",
      "kind" : "remoteSourceControl",
      "location" : "https://github.com/V1taS/RandomNetwork.git",
      "state" : {
        "branch" : "master",
        "revision" : "88a25b57b01320346dc5ecc3b873854e751725d1"
      }
    },
    {
      "identity" : "randomuikit",
      "kind" : "remoteSourceControl",
      "location" : "https://github.com/V1taS/RandomUIKit.git",
      "state" : {
        "branch" : "master",
        "revision" : "e745f706db069c71cb20fa6653585777b5f57ebd"
      }
    }
  ],
  "version" : 2
}
